
Microsoft Visual Studio Solution File, Format Version 12.00
# Visual Studio 15
VisualStudioVersion = 15.0.27130.2027
MinimumVisualStudioVersion = 10.0.40219.1
Project("{FAE04EC0-301F-11D3-BF4B-00C04F79EFBC}") = "IdentityServerSample", "IdentityServerSample\IdentityServerSample.csproj", "{D7847307-0A4F-4050-A942-B462F26B8AED}"
EndProject
Project("{FAE04EC0-301F-11D3-BF4B-00C04F79EFBC}") = "MvcClientSample", "MvcClientSample\MvcClientSample.csproj", "{382E9344-2762-43F5-AA4F-F3197E28D6B2}"
EndProject
Global
	GlobalSection(SolutionConfigurationPlatforms) = preSolution
		Debug|Any CPU = Debug|Any CPU
		Release|Any CPU = Release|Any CPU
	EndGlobalSection
	GlobalSection(ProjectConfigurationPlatforms) = postSolution
		{D7847307-0A4F-4050-A942-B462F26B8AED}.Debug|Any CPU.ActiveCfg = Debug|Any CPU
		{D7847307-0A4F-4050-A942-B462F26B8AED}.Debug|Any CPU.Build.0 = Debug|Any CPU
		{D7847307-0A4F-4050-A942-B462F26B8AED}.Release|Any CPU.ActiveCfg = Release|Any CPU
		{D7847307-0A4F-4050-A942-B462F26B8AED}.Release|Any CPU.Build.0 = Release|Any CPU
		{382E9344-2762-43F5-AA4F-F3197E28D6B2}.Debug|Any CPU.ActiveCfg = Debug|Any CPU
		{382E9344-2762-43F5-AA4F-F3197E28D6B2}.Debug|Any CPU.Build.0 = Debug|Any CPU
		{382E9344-2762-43F5-AA4F-F3197E28D6B2}.Release|Any CPU.ActiveCfg = Release|Any CPU
		{382E9344-2762-43F5-AA4F-F3197E28D6B2}.Release|Any CPU.Build.0 = Release|Any CPU
	EndGlobalSection
	GlobalSection(SolutionProperties) = preSolution
		HideSolutionNode = FALSE
	EndGlobalSection
	GlobalSection(ExtensibilityGlobals) = postSolution
		SolutionGuid = {7D3B5C40-CB10-4790-92C9-665048DF1D32}
	EndGlobalSection
EndGlobal
