
Microsoft Visual Studio Solution File, Format Version 12.00
# Visual Studio 15
VisualStudioVersion = 15.0.27130.2036
MinimumVisualStudioVersion = 10.0.40219.1
Project("{FAE04EC0-301F-11D3-BF4B-00C04F79EFBC}") = "Pluralsight.aspNetCore.Auth.Web", "Pluralsight.aspNetCore.Auth.Web\Pluralsight.aspNetCore.Auth.Web.csproj", "{35C86152-E4F4-4396-9921-9B240E35171F}"
EndProject
Global
	GlobalSection(SolutionConfigurationPlatforms) = preSolution
		Debug|Any CPU = Debug|Any CPU
		Release|Any CPU = Release|Any CPU
	EndGlobalSection
	GlobalSection(ProjectConfigurationPlatforms) = postSolution
		{35C86152-E4F4-4396-9921-9B240E35171F}.Debug|Any CPU.ActiveCfg = Debug|Any CPU
		{35C86152-E4F4-4396-9921-9B240E35171F}.Debug|Any CPU.Build.0 = Debug|Any CPU
		{35C86152-E4F4-4396-9921-9B240E35171F}.Release|Any CPU.ActiveCfg = Release|Any CPU
		{35C86152-E4F4-4396-9921-9B240E35171F}.Release|Any CPU.Build.0 = Release|Any CPU
	EndGlobalSection
	GlobalSection(SolutionProperties) = preSolution
		HideSolutionNode = FALSE
	EndGlobalSection
	GlobalSection(ExtensibilityGlobals) = postSolution
		SolutionGuid = {A04909C9-22D7-412F-9284-3692AC1F538B}
	EndGlobalSection
EndGlobal
