
Microsoft Visual Studio Solution File, Format Version 12.00
# Visual Studio 15
VisualStudioVersion = 15.0.27130.2036
MinimumVisualStudioVersion = 10.0.40219.1
Project("{9A19103F-16F7-4668-BE54-9A1E7A4F7556}") = "dotnetWatch", ".\dotnetWatch\dotnetWatch.csproj", "{DB2A7A7D-1877-4BDC-A3B4-FAEFC2698B15}"
EndProject
Project("{FAE04EC0-301F-11D3-BF4B-00C04F79EFBC}") = "WatchAux", ".\WatchAux\WatchAux.csproj", "{8450AC69-A4B5-4345-8236-7CED6D05E5C1}"
EndProject
Global
	GlobalSection(SolutionConfigurationPlatforms) = preSolution
		Debug|Any CPU = Debug|Any CPU
		Release|Any CPU = Release|Any CPU
	EndGlobalSection
	GlobalSection(ProjectConfigurationPlatforms) = postSolution
		{DB2A7A7D-1877-4BDC-A3B4-FAEFC2698B15}.Debug|Any CPU.ActiveCfg = Debug|Any CPU
		{DB2A7A7D-1877-4BDC-A3B4-FAEFC2698B15}.Debug|Any CPU.Build.0 = Debug|Any CPU
		{DB2A7A7D-1877-4BDC-A3B4-FAEFC2698B15}.Release|Any CPU.ActiveCfg = Release|Any CPU
		{DB2A7A7D-1877-4BDC-A3B4-FAEFC2698B15}.Release|Any CPU.Build.0 = Release|Any CPU
		{8450AC69-A4B5-4345-8236-7CED6D05E5C1}.Debug|Any CPU.ActiveCfg = Debug|Any CPU
		{8450AC69-A4B5-4345-8236-7CED6D05E5C1}.Debug|Any CPU.Build.0 = Debug|Any CPU
		{8450AC69-A4B5-4345-8236-7CED6D05E5C1}.Release|Any CPU.ActiveCfg = Release|Any CPU
		{8450AC69-A4B5-4345-8236-7CED6D05E5C1}.Release|Any CPU.Build.0 = Release|Any CPU
	EndGlobalSection
	GlobalSection(SolutionProperties) = preSolution
		HideSolutionNode = FALSE
	EndGlobalSection
	GlobalSection(ExtensibilityGlobals) = postSolution
		SolutionGuid = {D66BB17C-54AF-476E-96D5-535BC8BDF6D5}
	EndGlobalSection
EndGlobal
