
Microsoft Visual Studio Solution File, Format Version 12.00
# Visual Studio 15
VisualStudioVersion = 15.0.27130.2010
MinimumVisualStudioVersion = 10.0.40219.1
Project("{FAE04EC0-301F-11D3-BF4B-00C04F79EFBC}") = "EFConsoleApp", "EFConsoleApp\EFConsoleApp.csproj", "{E9688929-C556-416D-8E5B-A2AEC25253BF}"
EndProject
Global
	GlobalSection(SolutionConfigurationPlatforms) = preSolution
		Debug|Any CPU = Debug|Any CPU
		Release|Any CPU = Release|Any CPU
	EndGlobalSection
	GlobalSection(ProjectConfigurationPlatforms) = postSolution
		{E9688929-C556-416D-8E5B-A2AEC25253BF}.Debug|Any CPU.ActiveCfg = Debug|Any CPU
		{E9688929-C556-416D-8E5B-A2AEC25253BF}.Debug|Any CPU.Build.0 = Debug|Any CPU
		{E9688929-C556-416D-8E5B-A2AEC25253BF}.Release|Any CPU.ActiveCfg = Release|Any CPU
		{E9688929-C556-416D-8E5B-A2AEC25253BF}.Release|Any CPU.Build.0 = Release|Any CPU
	EndGlobalSection
	GlobalSection(SolutionProperties) = preSolution
		HideSolutionNode = FALSE
	EndGlobalSection
	GlobalSection(ExtensibilityGlobals) = postSolution
		SolutionGuid = {83617F96-D0DB-4F1A-B3FE-438739596D2F}
	EndGlobalSection
EndGlobal
