
Microsoft Visual Studio Solution File, Format Version 12.00
# Visual Studio 15
VisualStudioVersion = 15.0.27703.2042
MinimumVisualStudioVersion = 10.0.40219.1
Project("{FAE04EC0-301F-11D3-BF4B-00C04F79EFBC}") = "multitenantAspNetCore", "multitenantAspNetCore\multitenantAspNetCore.csproj", "{CCD6AB3C-8F9E-4D8E-921E-A90177674A50}"
EndProject
Global
	GlobalSection(SolutionConfigurationPlatforms) = preSolution
		Debug|Any CPU = Debug|Any CPU
		Release|Any CPU = Release|Any CPU
	EndGlobalSection
	GlobalSection(ProjectConfigurationPlatforms) = postSolution
		{CCD6AB3C-8F9E-4D8E-921E-A90177674A50}.Debug|Any CPU.ActiveCfg = Debug|Any CPU
		{CCD6AB3C-8F9E-4D8E-921E-A90177674A50}.Debug|Any CPU.Build.0 = Debug|Any CPU
		{CCD6AB3C-8F9E-4D8E-921E-A90177674A50}.Release|Any CPU.ActiveCfg = Release|Any CPU
		{CCD6AB3C-8F9E-4D8E-921E-A90177674A50}.Release|Any CPU.Build.0 = Release|Any CPU
	EndGlobalSection
	GlobalSection(SolutionProperties) = preSolution
		HideSolutionNode = FALSE
	EndGlobalSection
	GlobalSection(ExtensibilityGlobals) = postSolution
		SolutionGuid = {7F115E75-84EA-42F1-92EE-AC25F8FB0BD5}
	EndGlobalSection
EndGlobal
