
Microsoft Visual Studio Solution File, Format Version 12.00
# Visual Studio 15
VisualStudioVersion = 15.0.27703.2042
MinimumVisualStudioVersion = 10.0.40219.1
Project("{FAE04EC0-301F-11D3-BF4B-00C04F79EFBC}") = "ClientCredentialsGrantType", "ClientCredentialsGrantType\ClientCredentialsGrantType.csproj", "{824C03DF-EC24-456F-9679-D7C18D479A98}"
EndProject
Global
	GlobalSection(SolutionConfigurationPlatforms) = preSolution
		Debug|Any CPU = Debug|Any CPU
		Release|Any CPU = Release|Any CPU
	EndGlobalSection
	GlobalSection(ProjectConfigurationPlatforms) = postSolution
		{824C03DF-EC24-456F-9679-D7C18D479A98}.Debug|Any CPU.ActiveCfg = Debug|Any CPU
		{824C03DF-EC24-456F-9679-D7C18D479A98}.Debug|Any CPU.Build.0 = Debug|Any CPU
		{824C03DF-EC24-456F-9679-D7C18D479A98}.Release|Any CPU.ActiveCfg = Release|Any CPU
		{824C03DF-EC24-456F-9679-D7C18D479A98}.Release|Any CPU.Build.0 = Release|Any CPU
	EndGlobalSection
	GlobalSection(SolutionProperties) = preSolution
		HideSolutionNode = FALSE
	EndGlobalSection
	GlobalSection(ExtensibilityGlobals) = postSolution
		SolutionGuid = {05DD04BB-164C-40C7-B9E8-2EFB45FBB7BE}
	EndGlobalSection
EndGlobal
