
Microsoft Visual Studio Solution File, Format Version 12.00
# Visual Studio 15
VisualStudioVersion = 15.0.27703.2026
MinimumVisualStudioVersion = 10.0.40219.1
Project("{FAE04EC0-301F-11D3-BF4B-00C04F79EFBC}") = "BlazorApp1", "Blazor.HelloWorld\BlazorApp1.csproj", "{E7E0077A-B49F-4CF8-BA79-071D13BA6265}"
EndProject
Project("{FAE04EC0-301F-11D3-BF4B-00C04F79EFBC}") = "Blazor.HelloWorld", "BlazorApp1\Blazor.HelloWorld.csproj", "{41C67C7A-08FD-4561-9985-2357AD79FD4F}"
EndProject
Global
	GlobalSection(SolutionConfigurationPlatforms) = preSolution
		Debug|Any CPU = Debug|Any CPU
		Release|Any CPU = Release|Any CPU
	EndGlobalSection
	GlobalSection(ProjectConfigurationPlatforms) = postSolution
		{E7E0077A-B49F-4CF8-BA79-071D13BA6265}.Debug|Any CPU.ActiveCfg = Debug|Any CPU
		{E7E0077A-B49F-4CF8-BA79-071D13BA6265}.Debug|Any CPU.Build.0 = Debug|Any CPU
		{E7E0077A-B49F-4CF8-BA79-071D13BA6265}.Release|Any CPU.ActiveCfg = Release|Any CPU
		{E7E0077A-B49F-4CF8-BA79-071D13BA6265}.Release|Any CPU.Build.0 = Release|Any CPU
		{41C67C7A-08FD-4561-9985-2357AD79FD4F}.Debug|Any CPU.ActiveCfg = Debug|Any CPU
		{41C67C7A-08FD-4561-9985-2357AD79FD4F}.Debug|Any CPU.Build.0 = Debug|Any CPU
		{41C67C7A-08FD-4561-9985-2357AD79FD4F}.Release|Any CPU.ActiveCfg = Release|Any CPU
		{41C67C7A-08FD-4561-9985-2357AD79FD4F}.Release|Any CPU.Build.0 = Release|Any CPU
	EndGlobalSection
	GlobalSection(SolutionProperties) = preSolution
		HideSolutionNode = FALSE
	EndGlobalSection
	GlobalSection(ExtensibilityGlobals) = postSolution
		SolutionGuid = {1688F3F2-7D2C-47C3-A570-9BF28415D869}
	EndGlobalSection
EndGlobal
