
Microsoft Visual Studio Solution File, Format Version 12.00
# Visual Studio 15
VisualStudioVersion = 15.0.27130.2027
MinimumVisualStudioVersion = 10.0.40219.1
Project("{FAE04EC0-301F-11D3-BF4B-00C04F79EFBC}") = "CapturarTodosOsCnaesDoSiteDoGoverno", "CapturarTodosOsCnaesDoSiteDoGoverno\CapturarTodosOsCnaesDoSiteDoGoverno.csproj", "{99E26B68-C1D5-44F7-8D6C-BCF30A291B5D}"
EndProject
Global
	GlobalSection(SolutionConfigurationPlatforms) = preSolution
		Debug|Any CPU = Debug|Any CPU
		Release|Any CPU = Release|Any CPU
	EndGlobalSection
	GlobalSection(ProjectConfigurationPlatforms) = postSolution
		{99E26B68-C1D5-44F7-8D6C-BCF30A291B5D}.Debug|Any CPU.ActiveCfg = Debug|Any CPU
		{99E26B68-C1D5-44F7-8D6C-BCF30A291B5D}.Debug|Any CPU.Build.0 = Debug|Any CPU
		{99E26B68-C1D5-44F7-8D6C-BCF30A291B5D}.Release|Any CPU.ActiveCfg = Release|Any CPU
		{99E26B68-C1D5-44F7-8D6C-BCF30A291B5D}.Release|Any CPU.Build.0 = Release|Any CPU
	EndGlobalSection
	GlobalSection(SolutionProperties) = preSolution
		HideSolutionNode = FALSE
	EndGlobalSection
	GlobalSection(ExtensibilityGlobals) = postSolution
		SolutionGuid = {E40B96B5-2DF2-4FCE-8886-A2412A694289}
	EndGlobalSection
EndGlobal
