
Microsoft Visual Studio Solution File, Format Version 12.00
# Visual Studio 15
VisualStudioVersion = 15.0.27703.2042
MinimumVisualStudioVersion = 10.0.40219.1
Project("{FAE04EC0-301F-11D3-BF4B-00C04F79EFBC}") = "CustomValidationDemo", "CustomValidationDemo\CustomValidationDemo.csproj", "{E770D9D9-7A05-49D2-AE56-CD4860249272}"
EndProject
Global
	GlobalSection(SolutionConfigurationPlatforms) = preSolution
		Debug|Any CPU = Debug|Any CPU
		Release|Any CPU = Release|Any CPU
	EndGlobalSection
	GlobalSection(ProjectConfigurationPlatforms) = postSolution
		{E770D9D9-7A05-49D2-AE56-CD4860249272}.Debug|Any CPU.ActiveCfg = Debug|Any CPU
		{E770D9D9-7A05-49D2-AE56-CD4860249272}.Debug|Any CPU.Build.0 = Debug|Any CPU
		{E770D9D9-7A05-49D2-AE56-CD4860249272}.Release|Any CPU.ActiveCfg = Release|Any CPU
		{E770D9D9-7A05-49D2-AE56-CD4860249272}.Release|Any CPU.Build.0 = Release|Any CPU
	EndGlobalSection
	GlobalSection(SolutionProperties) = preSolution
		HideSolutionNode = FALSE
	EndGlobalSection
	GlobalSection(ExtensibilityGlobals) = postSolution
		SolutionGuid = {F374A354-BDC1-40AF-AA35-7BF9101A4427}
	EndGlobalSection
EndGlobal
